
Microsoft Visual Studio Solution File, Format Version 12.00
# Visual Studio Version 16
VisualStudioVersion = 16.0.29102.190
MinimumVisualStudioVersion = 10.0.40219.1
Project("{FAE04EC0-301F-11D3-BF4B-00C04F79EFBC}") = "TestHtmlMonkey", "TestHtmlParse\TestHtmlMonkey.csproj", "{64783291-E6BE-464A-B289-2F75B5CC994C}"
EndProject
Project("{9A19103F-16F7-4668-BE54-9A1E7A4F7556}") = "HtmlMonkey", "HtmlMonkey\HtmlMonkey.csproj", "{C883DB82-1D3C-468C-85B0-E2E1E1431A4E}"
EndProject
Project("{FAE04EC0-301F-11D3-BF4B-00C04F79EFBC}") = "HtmlMonkeyTests", "HtmlMonkeyTests\HtmlMonkeyTests.csproj", "{48A90CEE-B51B-403D-A559-E8CB81559637}"
EndProject
Global
	GlobalSection(SolutionConfigurationPlatforms) = preSolution
		Debug|Any CPU = Debug|Any CPU
		Release|Any CPU = Release|Any CPU
	EndGlobalSection
	GlobalSection(ProjectConfigurationPlatforms) = postSolution
		{64783291-E6BE-464A-B289-2F75B5CC994C}.Debug|Any CPU.ActiveCfg = Debug|Any CPU
		{64783291-E6BE-464A-B289-2F75B5CC994C}.Debug|Any CPU.Build.0 = Debug|Any CPU
		{64783291-E6BE-464A-B289-2F75B5CC994C}.Release|Any CPU.ActiveCfg = Release|Any CPU
		{64783291-E6BE-464A-B289-2F75B5CC994C}.Release|Any CPU.Build.0 = Release|Any CPU
		{C883DB82-1D3C-468C-85B0-E2E1E1431A4E}.Debug|Any CPU.ActiveCfg = Debug|Any CPU
		{C883DB82-1D3C-468C-85B0-E2E1E1431A4E}.Debug|Any CPU.Build.0 = Debug|Any CPU
		{C883DB82-1D3C-468C-85B0-E2E1E1431A4E}.Release|Any CPU.ActiveCfg = Release|Any CPU
		{C883DB82-1D3C-468C-85B0-E2E1E1431A4E}.Release|Any CPU.Build.0 = Release|Any CPU
		{48A90CEE-B51B-403D-A559-E8CB81559637}.Debug|Any CPU.ActiveCfg = Debug|Any CPU
		{48A90CEE-B51B-403D-A559-E8CB81559637}.Debug|Any CPU.Build.0 = Debug|Any CPU
		{48A90CEE-B51B-403D-A559-E8CB81559637}.Release|Any CPU.ActiveCfg = Release|Any CPU
		{48A90CEE-B51B-403D-A559-E8CB81559637}.Release|Any CPU.Build.0 = Release|Any CPU
	EndGlobalSection
	GlobalSection(SolutionProperties) = preSolution
		HideSolutionNode = FALSE
	EndGlobalSection
	GlobalSection(ExtensibilityGlobals) = postSolution
		SolutionGuid = {C23C298F-E802-4E6B-8A46-079EC80C5C74}
	EndGlobalSection
EndGlobal
